
Microsoft Visual Studio Solution File, Format Version 12.00
# Visual Studio 15
VisualStudioVersion = 15.0.28307.102
MinimumVisualStudioVersion = 10.0.40219.1
Project("{FAE04EC0-301F-11D3-BF4B-00C04F79EFBC}") = "project", "project\project.csproj", "{F6892247-E9C2-46BB-9742-9FB2F4EBEFAA}"
EndProject
Global
	GlobalSection(SolutionConfigurationPlatforms) = preSolution
		Debug|Any CPU = Debug|Any CPU
		Release|Any CPU = Release|Any CPU
	EndGlobalSection
	GlobalSection(ProjectConfigurationPlatforms) = postSolution
		{F6892247-E9C2-46BB-9742-9FB2F4EBEFAA}.Debug|Any CPU.ActiveCfg = Debug|Any CPU
		{F6892247-E9C2-46BB-9742-9FB2F4EBEFAA}.Debug|Any CPU.Build.0 = Debug|Any CPU
		{F6892247-E9C2-46BB-9742-9FB2F4EBEFAA}.Release|Any CPU.ActiveCfg = Release|Any CPU
		{F6892247-E9C2-46BB-9742-9FB2F4EBEFAA}.Release|Any CPU.Build.0 = Release|Any CPU
	EndGlobalSection
	GlobalSection(SolutionProperties) = preSolution
		HideSolutionNode = FALSE
	EndGlobalSection
	GlobalSection(ExtensibilityGlobals) = postSolution
		SolutionGuid = {7598ECE7-21E4-4C03-AD02-3749B97D0193}
	EndGlobalSection
EndGlobal
